{
  "version": 4,
  "terraform_version": "0.12.17",
  "serial": 2,
  "lineage": "0e8d31c0-5c66-dd22-5aee-b37559ad7d60",
  "outputs": {
    "certificate_arn": {
      "value": "arn:aws:iam::579878096224:server-certificate/wildcard-certificate-classic-load-balancer-test",
      "type": "string"
    }
  },
  "resources": [
    {
      "mode": "managed",
      "type": "aws_iam_server_certificate",
      "name": "service",
      "provider": "provider[\"registry.terraform.io/hashicorp/aws\"]",
      "instances": [
        {
          "schema_version": 0,
          "attributes": {
            "arn": "arn:aws:iam::579878096224:server-certificate/wildcard-certificate-classic-load-balancer-test",
            "certificate_body": "0587fb9421fca430dc32eaae42d377bf776ac67c",
            "certificate_chain": null,
            "id": "ASCAYOA3NRVQE3HUVXMNY",
            "name": "wildcard-certificate-classic-load-balancer-test",
            "name_prefix": null,
            "path": "/",
            "private_key": "3839eeeacf53a41295f52e8ad199b9319c5c08b2"
          },
          "private": "bnVsbA=="
        }
      ]
    }
  ]
}
